# This file is automatically @generated by Cargo.
# It is not intended for manual editing.
version = 4

[[package]]
name = "aoclib"
version = "0.1.0"
source = "git+https://github.com/UncleScientist/aoclib-rs#e7a40ca81dfb1bdff0ae7ce1423edb3af0755d20"

[[package]]
name = "quest01"
version = "0.1.0"
dependencies = [
 "aoclib",
]

[[package]]
name = "quest02"
version = "0.1.0"
dependencies = [
 "aoclib",
]

[[package]]
name = "quest03"
version = "0.1.0"
dependencies = [
 "aoclib",
]

[[package]]
name = "quest04"
version = "0.1.0"
dependencies = [
 "aoclib",
]

[[package]]
name = "quest05"
version = "0.1.0"
dependencies = [
 "aoclib",
]
